
Microsoft Visual Studio Solution File, Format Version 12.00
Project("{FAE04EC0-301F-11D3-BF4B-00C04F79EFBC}") = "Ge.Framework", "Ge.Framework\Ge.Framework.csproj", "{5EA8E595-BE99-4293-AAA8-3BC13DCE8646}"
EndProject
Global
	GlobalSection(SolutionConfigurationPlatforms) = preSolution
		Debug|Any CPU = Debug|Any CPU
		Release|Any CPU = Release|Any CPU
	EndGlobalSection
	GlobalSection(ProjectConfigurationPlatforms) = postSolution
		{5EA8E595-BE99-4293-AAA8-3BC13DCE8646}.Debug|Any CPU.ActiveCfg = Debug|Any CPU
		{5EA8E595-BE99-4293-AAA8-3BC13DCE8646}.Debug|Any CPU.Build.0 = Debug|Any CPU
		{5EA8E595-BE99-4293-AAA8-3BC13DCE8646}.Release|Any CPU.ActiveCfg = Release|Any CPU
		{5EA8E595-BE99-4293-AAA8-3BC13DCE8646}.Release|Any CPU.Build.0 = Release|Any CPU
	EndGlobalSection
EndGlobal
